// !$*UTF8*$!
{
	archiveVersion = 1;
	classes = {
	};
	objectVersion = 56;
	objects = {

/* Begin PBXBuildFile section */
		1B0B30032A7BEFF00022A695 /* H4K0R_NewsApp.swift in Sources */ = {isa = PBXBuildFile; fileRef = 1B0B30022A7BEFF00022A695 /* H4K0R_NewsApp.swift */; };
		1B0B30052A7BEFF00022A695 /* ContentView.swift in Sources */ = {isa = PBXBuildFile; fileRef = 1B0B30042A7BEFF00022A695 /* ContentView.swift */; };
		1B0B30072A7BEFF10022A695 /* Assets.xcassets in Resources */ = {isa = PBXBuildFile; fileRef = 1B0B30062A7BEFF10022A695 /* Assets.xcassets */; };
		1B0B300A2A7BEFF10022A695 /* Preview Assets.xcassets in Resources */ = {isa = PBXBuildFile; fileRef = 1B0B30092A7BEFF10022A695 /* Preview Assets.xcassets */; };
		1B0B30122A7BF29D0022A695 /* NetworkManager.swift in Sources */ = {isa = PBXBuildFile; fileRef = 1B0B30112A7BF29D0022A695 /* NetworkManager.swift */; };
		1B0B30142A7BF3950022A695 /* PostData.swift in Sources */ = {isa = PBXBuildFile; fileRef = 1B0B30132A7BF3950022A695 /* PostData.swift */; };
		1BDE09792A7D4F2A008E2F09 /* DetailView.swift in Sources */ = {isa = PBXBuildFile; fileRef = 1BDE09782A7D4F2A008E2F09 /* DetailView.swift */; };
		1BDE097B2A7D547F008E2F09 /* WebView.swift in Sources */ = {isa = PBXBuildFile; fileRef = 1BDE097A2A7D547F008E2F09 /* WebView.swift */; };
/* End PBXBuildFile section */

/* Begin PBXFileReference section */
		1B0B2FFF2A7BEFF00022A695 /* H4K0R News.app */ = {isa = PBXFileReference; explicitFileType = wrapper.application; includeInIndex = 0; path = "H4K0R News.app"; sourceTree = BUILT_PRODUCTS_DIR; };
		1B0B30022A7BEFF00022A695 /* H4K0R_NewsApp.swift */ = {isa = PBXFileReference; lastKnownFileType = sourcecode.swift; path = H4K0R_NewsApp.swift; sourceTree = "<group>"; };
		1B0B30042A7BEFF00022A695 /* ContentView.swift */ = {isa = PBXFileReference; lastKnownFileType = sourcecode.swift; path = ContentView.swift; sourceTree = "<group>"; };
		1B0B30062A7BEFF10022A695 /* Assets.xcassets */ = {isa = PBXFileReference; lastKnownFileType = folder.assetcatalog; path = Assets.xcassets; sourceTree = "<group>"; };
		1B0B30092A7BEFF10022A695 /* Preview Assets.xcassets */ = {isa = PBXFileReference; lastKnownFileType = folder.assetcatalog; path = "Preview Assets.xcassets"; sourceTree = "<group>"; };
		1B0B30112A7BF29D0022A695 /* NetworkManager.swift */ = {isa = PBXFileReference; lastKnownFileType = sourcecode.swift; path = NetworkManager.swift; sourceTree = "<group>"; };
		1B0B30132A7BF3950022A695 /* PostData.swift */ = {isa = PBXFileReference; lastKnownFileType = sourcecode.swift; path = PostData.swift; sourceTree = "<group>"; };
		1BDE09782A7D4F2A008E2F09 /* DetailView.swift */ = {isa = PBXFileReference; lastKnownFileType = sourcecode.swift; path = DetailView.swift; sourceTree = "<group>"; };
		1BDE097A2A7D547F008E2F09 /* WebView.swift */ = {isa = PBXFileReference; lastKnownFileType = sourcecode.swift; path = WebView.swift; sourceTree = "<group>"; };
/* End PBXFileReference section */

/* Begin PBXFrameworksBuildPhase section */
		1B0B2FFC2A7BEFF00022A695 /* Frameworks */ = {
			isa = PBXFrameworksBuildPhase;
			buildActionMask = 2147483647;
			files = (
			);
			runOnlyForDeploymentPostprocessing = 0;
		};
/* End PBXFrameworksBuildPhase section */

/* Begin PBXGroup section */
		1B0B2FF62A7BEFF00022A695 = {
			isa = PBXGroup;
			children = (
				1B0B30012A7BEFF00022A695 /* H4K0R News */,
				1B0B30002A7BEFF00022A695 /* Products */,
			);
			sourceTree = "<group>";
		};
		1B0B30002A7BEFF00022A695 /* Products */ = {
			isa = PBXGroup;
			children = (
				1B0B2FFF2A7BEFF00022A695 /* H4K0R News.app */,
			);
			name = Products;
			sourceTree = "<group>";
		};
		1B0B30012A7BEFF00022A695 /* H4K0R News */ = {
			isa = PBXGroup;
			children = (
				1B0B30102A7BF2860022A695 /* Models */,
				1B0B30022A7BEFF00022A695 /* H4K0R_NewsApp.swift */,
				1BDE09772A7D4F09008E2F09 /* Views */,
				1B0B30062A7BEFF10022A695 /* Assets.xcassets */,
				1B0B30082A7BEFF10022A695 /* Preview Content */,
			);
			path = "H4K0R News";
			sourceTree = "<group>";
		};
		1B0B30082A7BEFF10022A695 /* Preview Content */ = {
			isa = PBXGroup;
			children = (
				1B0B30092A7BEFF10022A695 /* Preview Assets.xcassets */,
			);
			path = "Preview Content";
			sourceTree = "<group>";
		};
		1B0B30102A7BF2860022A695 /* Models */ = {
			isa = PBXGroup;
			children = (
				1B0B30112A7BF29D0022A695 /* NetworkManager.swift */,
				1B0B30132A7BF3950022A695 /* PostData.swift */,
			);
			path = Models;
			sourceTree = "<group>";
		};
		1BDE09772A7D4F09008E2F09 /* Views */ = {
			isa = PBXGroup;
			children = (
				1B0B30042A7BEFF00022A695 /* ContentView.swift */,
				1BDE09782A7D4F2A008E2F09 /* DetailView.swift */,
				1BDE097A2A7D547F008E2F09 /* WebView.swift */,
			);
			path = Views;
			sourceTree = "<group>";
		};
/* End PBXGroup section */

/* Begin PBXNativeTarget section */
		1B0B2FFE2A7BEFF00022A695 /* H4K0R News */ = {
			isa = PBXNativeTarget;
			buildConfigurationList = 1B0B300D2A7BEFF10022A695 /* Build configuration list for PBXNativeTarget "H4K0R News" */;
			buildPhases = (
				1B0B2FFB2A7BEFF00022A695 /* Sources */,
				1B0B2FFC2A7BEFF00022A695 /* Frameworks */,
				1B0B2FFD2A7BEFF00022A695 /* Resources */,
			);
			buildRules = (
			);
			dependencies = (
			);
			name = "H4K0R News";
			productName = "H4K0R News";
			productReference = 1B0B2FFF2A7BEFF00022A695 /* H4K0R News.app */;
			productType = "com.apple.product-type.application";
		};
/* End PBXNativeTarget section */

/* Begin PBXProject section */
		1B0B2FF72A7BEFF00022A695 /* Project object */ = {
			isa = PBXProject;
			attributes = {
				BuildIndependentTargetsInParallel = 1;
				LastSwiftUpdateCheck = 1430;
				LastUpgradeCheck = 1430;
				TargetAttributes = {
					1B0B2FFE2A7BEFF00022A695 = {
						CreatedOnToolsVersion = 14.3.1;
					};
				};
			};
			buildConfigurationList = 1B0B2FFA2A7BEFF00022A695 /* Build configuration list for PBXProject "H4K0R News" */;
			compatibilityVersion = "Xcode 14.0";
			developmentRegion = en;
			hasScannedForEncodings = 0;
			knownRegions = (
				en,
				Base,
			);
			mainGroup = 1B0B2FF62A7BEFF00022A695;
			productRefGroup = 1B0B30002A7BEFF00022A695 /* Products */;
			projectDirPath = "";
			projectRoot = "";
			targets = (
				1B0B2FFE2A7BEFF00022A695 /* H4K0R News */,
			);
		};
/* End PBXProject section */

/* Begin PBXResourcesBuildPhase section */
		1B0B2FFD2A7BEFF00022A695 /* Resources */ = {
			isa = PBXResourcesBuildPhase;
			buildActionMask = 2147483647;
			files = (
				1B0B300A2A7BEFF10022A695 /* Preview Assets.xcassets in Resources */,
				1B0B30072A7BEFF10022A695 /* Assets.xcassets in Resources */,
			);
			runOnlyForDeploymentPostprocessing = 0;
		};
/* End PBXResourcesBuildPhase section */

/* Begin PBXSourcesBuildPhase section */
		1B0B2FFB2A7BEFF00022A695 /* Sources */ = {
			isa = PBXSourcesBuildPhase;
			buildActionMask = 2147483647;
			files = (
				1B0B30122A7BF29D0022A695 /* NetworkManager.swift in Sources */,
				1B0B30142A7BF3950022A695 /* PostData.swift in Sources */,
				1B0B30052A7BEFF00022A695 /* ContentView.swift in Sources */,
				1BDE097B2A7D547F008E2F09 /* WebView.swift in Sources */,
				1BDE09792A7D4F2A008E2F09 /* DetailView.swift in Sources */,
				1B0B30032A7BEFF00022A695 /* H4K0R_NewsApp.swift in Sources */,
			);
			runOnlyForDeploymentPostprocessing = 0;
		};
/* End PBXSourcesBuildPhase section */

/* Begin XCBuildConfiguration section */
		1B0B300B2A7BEFF10022A695 /* Debug */ = {
			isa = XCBuildConfiguration;
			buildSettings = {
				ALWAYS_SEARCH_USER_PATHS = NO;
				CLANG_ANALYZER_NONNULL = YES;
				CLANG_ANALYZER_NUMBER_OBJECT_CONVERSION = YES_AGGRESSIVE;
				CLANG_CXX_LANGUAGE_STANDARD = "gnu++20";
				CLANG_ENABLE_MODULES = YES;
				CLANG_ENABLE_OBJC_ARC = YES;
				CLANG_ENABLE_OBJC_WEAK = YES;
				CLANG_WARN_BLOCK_CAPTURE_AUTORELEASING = YES;
				CLANG_WARN_BOOL_CONVERSION = YES;
				CLANG_WARN_COMMA = YES;
				CLANG_WARN_CONSTANT_CONVERSION = YES;
				CLANG_WARN_DEPRECATED_OBJC_IMPLEMENTATIONS = YES;
				CLANG_WARN_DIRECT_OBJC_ISA_USAGE = YES_ERROR;
				CLANG_WARN_DOCUMENTATION_COMMENTS = YES;
				CLANG_WARN_EMPTY_BODY = YES;
				CLANG_WARN_ENUM_CONVERSION = YES;
				CLANG_WARN_INFINITE_RECURSION = YES;
				CLANG_WARN_INT_CONVERSION = YES;
				CLANG_WARN_NON_LITERAL_NULL_CONVERSION = YES;
				CLANG_WARN_OBJC_IMPLICIT_RETAIN_SELF = YES;
				CLANG_WARN_OBJC_LITERAL_CONVERSION = YES;
				CLANG_WARN_OBJC_ROOT_CLASS = YES_ERROR;
				CLANG_WARN_QUOTED_INCLUDE_IN_FRAMEWORK_HEADER = YES;
				CLANG_WARN_RANGE_LOOP_ANALYSIS = YES;
				CLANG_WARN_STRICT_PROTOTYPES = YES;
				CLANG_WARN_SUSPICIOUS_MOVE = YES;
				CLANG_WARN_UNGUARDED_AVAILABILITY = YES_AGGRESSIVE;
				CLANG_WARN_UNREACHABLE_CODE = YES;
				CLANG_WARN__DUPLICATE_METHOD_MATCH = YES;
				COPY_PHASE_STRIP = NO;
				DEBUG_INFORMATION_FORMAT = dwarf;
				ENABLE_STRICT_OBJC_MSGSEND = YES;
				ENABLE_TESTABILITY = YES;
				GCC_C_LANGUAGE_STANDARD = gnu11;
				GCC_DYNAMIC_NO_PIC = NO;
				GCC_NO_COMMON_BLOCKS = YES;
				GCC_OPTIMIZATION_LEVEL = 0;
				GCC_PREPROCESSOR_DEFINITIONS = (
					"DEBUG=1",
					"$(inherited)",
				);
				GCC_WARN_64_TO_32_BIT_CONVERSION = YES;
				GCC_WARN_ABOUT_RETURN_TYPE = YES_ERROR;
				GCC_WARN_UNDECLARED_SELECTOR = YES;
				GCC_WARN_UNINITIALIZED_AUTOS = YES_AGGRESSIVE;
				GCC_WARN_UNUSED_FUNCTION = YES;
				GCC_WARN_UNUSED_VARIABLE = YES;
				IPHONEOS_DEPLOYMENT_TARGET = 16.4;
				MTL_ENABLE_DEBUG_INFO = INCLUDE_SOURCE;
				MTL_FAST_MATH = YES;
				ONLY_ACTIVE_ARCH = YES;
				SDKROOT = iphoneos;
				SWIFT_ACTIVE_COMPILATION_CONDITIONS = DEBUG;
				SWIFT_OPTIMIZATION_LEVEL = "-Onone";
			};
			name = Debug;
		};
		1B0B300C2A7BEFF10022A695 /* Release */ = {
			isa = XCBuildConfiguration;
			buildSettings = {
				ALWAYS_SEARCH_USER_PATHS = NO;
				CLANG_ANALYZER_NONNULL = YES;
				CLANG_ANALYZER_NUMBER_OBJECT_CONVERSION = YES_AGGRESSIVE;
				CLANG_CXX_LANGUAGE_STANDARD = "gnu++20";
				CLANG_ENABLE_MODULES = YES;
				CLANG_ENABLE_OBJC_ARC = YES;
				CLANG_ENABLE_OBJC_WEAK = YES;
				CLANG_WARN_BLOCK_CAPTURE_AUTORELEASING = YES;
				CLANG_WARN_BOOL_CONVERSION = YES;
				CLANG_WARN_COMMA = YES;
				CLANG_WARN_CONSTANT_CONVERSION = YES;
				CLANG_WARN_DEPRECATED_OBJC_IMPLEMENTATIONS = YES;
				CLANG_WARN_DIRECT_OBJC_ISA_USAGE = YES_ERROR;
				CLANG_WARN_DOCUMENTATION_COMMENTS = YES;
				CLANG_WARN_EMPTY_BODY = YES;
				CLANG_WARN_ENUM_CONVERSION = YES;
				CLANG_WARN_INFINITE_RECURSION = YES;
				CLANG_WARN_INT_CONVERSION = YES;
				CLANG_WARN_NON_LITERAL_NULL_CONVERSION = YES;
				CLANG_WARN_OBJC_IMPLICIT_RETAIN_SELF = YES;
				CLANG_WARN_OBJC_LITERAL_CONVERSION = YES;
				CLANG_WARN_OBJC_ROOT_CLASS = YES_ERROR;
				CLANG_WARN_QUOTED_INCLUDE_IN_FRAMEWORK_HEADER = YES;
				CLANG_WARN_RANGE_LOOP_ANALYSIS = YES;
				CLANG_WARN_STRICT_PROTOTYPES = YES;
				CLANG_WARN_SUSPICIOUS_MOVE = YES;
				CLANG_WARN_UNGUARDED_AVAILABILITY = YES_AGGRESSIVE;
				CLANG_WARN_UNREACHABLE_CODE = YES;
				CLANG_WARN__DUPLICATE_METHOD_MATCH = YES;
				COPY_PHASE_STRIP = NO;
				DEBUG_INFORMATION_FORMAT = "dwarf-with-dsym";
				ENABLE_NS_ASSERTIONS = NO;
				ENABLE_STRICT_OBJC_MSGSEND = YES;
				GCC_C_LANGUAGE_STANDARD = gnu11;
				GCC_NO_COMMON_BLOCKS = YES;
				GCC_WARN_64_TO_32_BIT_CONVERSION = YES;
				GCC_WARN_ABOUT_RETURN_TYPE = YES_ERROR;
				GCC_WARN_UNDECLARED_SELECTOR = YES;
				GCC_WARN_UNINITIALIZED_AUTOS = YES_AGGRESSIVE;
				GCC_WARN_UNUSED_FUNCTION = YES;
				GCC_WARN_UNUSED_VARIABLE = YES;
				IPHONEOS_DEPLOYMENT_TARGET = 16.4;
				MTL_ENABLE_DEBUG_INFO = NO;
				MTL_FAST_MATH = YES;
				SDKROOT = iphoneos;
				SWIFT_COMPILATION_MODE = wholemodule;
				SWIFT_OPTIMIZATION_LEVEL = "-O";
				VALIDATE_PRODUCT = YES;
			};
			name = Release;
		};
		1B0B300E2A7BEFF10022A695 /* Debug */ = {
			isa = XCBuildConfiguration;
			buildSettings = {
				ASSETCATALOG_COMPILER_APPICON_NAME = AppIcon;
				ASSETCATALOG_COMPILER_GLOBAL_ACCENT_COLOR_NAME = AccentColor;
				CODE_SIGN_STYLE = Automatic;
				CURRENT_PROJECT_VERSION = 1;
				DEVELOPMENT_ASSET_PATHS = "\"H4K0R News/Preview Content\"";
				DEVELOPMENT_TEAM = 8TRD4C7836;
				ENABLE_PREVIEWS = YES;
				GENERATE_INFOPLIST_FILE = YES;
				INFOPLIST_KEY_UIApplicationSceneManifest_Generation = YES;
				INFOPLIST_KEY_UIApplicationSupportsIndirectInputEvents = YES;
				INFOPLIST_KEY_UILaunchScreen_Generation = YES;
				INFOPLIST_KEY_UISupportedInterfaceOrientations_iPad = "UIInterfaceOrientationPortrait UIInterfaceOrientationPortraitUpsideDown UIInterfaceOrientationLandscapeLeft UIInterfaceOrientationLandscapeRight";
				INFOPLIST_KEY_UISupportedInterfaceOrientations_iPhone = "UIInterfaceOrientationPortrait UIInterfaceOrientationLandscapeLeft UIInterfaceOrientationLandscapeRight";
				LD_RUNPATH_SEARCH_PATHS = (
					"$(inherited)",
					"@executable_path/Frameworks",
				);
				MARKETING_VERSION = 1.0;
				PRODUCT_BUNDLE_IDENTIFIER = "com.heejae.missions.H4K0R-News";
				PRODUCT_NAME = "$(TARGET_NAME)";
				SWIFT_EMIT_LOC_STRINGS = YES;
				SWIFT_VERSION = 5.0;
				TARGETED_DEVICE_FAMILY = "1,2";
			};
			name = Debug;
		};
		1B0B300F2A7BEFF10022A695 /* Release */ = {
			isa = XCBuildConfiguration;
			buildSettings = {
				ASSETCATALOG_COMPILER_APPICON_NAME = AppIcon;
				ASSETCATALOG_COMPILER_GLOBAL_ACCENT_COLOR_NAME = AccentColor;
				CODE_SIGN_STYLE = Automatic;
				CURRENT_PROJECT_VERSION = 1;
				DEVELOPMENT_ASSET_PATHS = "\"H4K0R News/Preview Content\"";
				DEVELOPMENT_TEAM = 8TRD4C7836;
				ENABLE_PREVIEWS = YES;
				GENERATE_INFOPLIST_FILE = YES;
				INFOPLIST_KEY_UIApplicationSceneManifest_Generation = YES;
				INFOPLIST_KEY_UIApplicationSupportsIndirectInputEvents = YES;
				INFOPLIST_KEY_UILaunchScreen_Generation = YES;
				INFOPLIST_KEY_UISupportedInterfaceOrientations_iPad = "UIInterfaceOrientationPortrait UIInterfaceOrientationPortraitUpsideDown UIInterfaceOrientationLandscapeLeft UIInterfaceOrientationLandscapeRight";
				INFOPLIST_KEY_UISupportedInterfaceOrientations_iPhone = "UIInterfaceOrientationPortrait UIInterfaceOrientationLandscapeLeft UIInterfaceOrientationLandscapeRight";
				LD_RUNPATH_SEARCH_PATHS = (
					"$(inherited)",
					"@executable_path/Frameworks",
				);
				MARKETING_VERSION = 1.0;
				PRODUCT_BUNDLE_IDENTIFIER = "com.heejae.missions.H4K0R-News";
				PRODUCT_NAME = "$(TARGET_NAME)";
				SWIFT_EMIT_LOC_STRINGS = YES;
				SWIFT_VERSION = 5.0;
				TARGETED_DEVICE_FAMILY = "1,2";
			};
			name = Release;
		};
/* End XCBuildConfiguration section */

/* Begin XCConfigurationList section */
		1B0B2FFA2A7BEFF00022A695 /* Build configuration list for PBXProject "H4K0R News" */ = {
			isa = XCConfigurationList;
			buildConfigurations = (
				1B0B300B2A7BEFF10022A695 /* Debug */,
				1B0B300C2A7BEFF10022A695 /* Release */,
			);
			defaultConfigurationIsVisible = 0;
			defaultConfigurationName = Release;
		};
		1B0B300D2A7BEFF10022A695 /* Build configuration list for PBXNativeTarget "H4K0R News" */ = {
			isa = XCConfigurationList;
			buildConfigurations = (
				1B0B300E2A7BEFF10022A695 /* Debug */,
				1B0B300F2A7BEFF10022A695 /* Release */,
			);
			defaultConfigurationIsVisible = 0;
			defaultConfigurationName = Release;
		};
/* End XCConfigurationList section */
	};
	rootObject = 1B0B2FF72A7BEFF00022A695 /* Project object */;
}
